// !$*UTF8*$!
{
	archiveVersion = 1;
	classes = {
	};
	objectVersion = 55;
	objects = {

/* Begin PBXFileReference section */
		0F9A179B284CFCF100B7CEDC /* Базовые Операторы.playground */ = {isa = PBXFileReference; lastKnownFileType = file.playground; path = "Базовые Операторы.playground"; sourceTree = "<group>"; xcLanguageSpecificationIdentifier = xcode.lang.swift; };
		0F9A179C284E0D5D00B7CEDC /* Условия.playground */ = {isa = PBXFileReference; lastKnownFileType = file.playground; path = "Условия.playground"; sourceTree = "<group>"; xcLanguageSpecificationIdentifier = xcode.lang.swift; };
		0F9A179E284E14CA00B7CEDC /* Guard.playground */ = {isa = PBXFileReference; lastKnownFileType = file.playground; path = Guard.playground; sourceTree = "<group>"; xcLanguageSpecificationIdentifier = xcode.lang.swift; };
		0F9A179F284F635200B7CEDC /* for in.playground */ = {isa = PBXFileReference; lastKnownFileType = file.playground; path = "for in.playground"; sourceTree = "<group>"; xcLanguageSpecificationIdentifier = xcode.lang.swift; };
		0F9A17A0284F6B7900B7CEDC /* while,repeat while.playground */ = {isa = PBXFileReference; lastKnownFileType = file.playground; path = "while,repeat while.playground"; sourceTree = "<group>"; xcLanguageSpecificationIdentifier = xcode.lang.swift; };
		0FAB5F9F2860CB8B001BFE9D /* Наследование.playground */ = {isa = PBXFileReference; lastKnownFileType = file.playground; path = "Наследование.playground"; sourceTree = "<group>"; xcLanguageSpecificationIdentifier = xcode.lang.swift; };
		0FAB5FA02862089D001BFE9D /* Вычисляемые свойства .playground */ = {isa = PBXFileReference; lastKnownFileType = file.playground; path = "Вычисляемые свойства .playground"; sourceTree = "<group>"; xcLanguageSpecificationIdentifier = xcode.lang.swift; };
		0FAB5FA12862125C001BFE9D /* Свойства классов.playground */ = {isa = PBXFileReference; lastKnownFileType = file.playground; path = "Свойства классов.playground"; sourceTree = "<group>"; xcLanguageSpecificationIdentifier = xcode.lang.swift; };
		0FAB5FA22863047C001BFE9D /* Lazy properties.playground */ = {isa = PBXFileReference; lastKnownFileType = file.playground; path = "Lazy properties.playground"; sourceTree = "<group>"; xcLanguageSpecificationIdentifier = xcode.lang.swift; };
		0FAB5FA3286305F1001BFE9D /* Property observers.playground */ = {isa = PBXFileReference; lastKnownFileType = file.playground; path = "Property observers.playground"; sourceTree = "<group>"; xcLanguageSpecificationIdentifier = xcode.lang.swift; };
		0FAB5FA628630D12001BFE9D /* type aliases.playground */ = {isa = PBXFileReference; lastKnownFileType = file.playground; path = "type aliases.playground"; sourceTree = "<group>"; xcLanguageSpecificationIdentifier = xcode.lang.swift; };
		0FAB5FA828630D58001BFE9D /* enums.playground */ = {isa = PBXFileReference; lastKnownFileType = file.playground; path = enums.playground; sourceTree = "<group>"; xcLanguageSpecificationIdentifier = xcode.lang.swift; };
		0FAB5FA928631044001BFE9D /* Structures.playground */ = {isa = PBXFileReference; lastKnownFileType = file.playground; path = Structures.playground; sourceTree = "<group>"; xcLanguageSpecificationIdentifier = xcode.lang.swift; };
		0FAB5FAB286317CF001BFE9D /* Type casting:Type checking.playground */ = {isa = PBXFileReference; lastKnownFileType = file.playground; path = "Type casting:Type checking.playground"; sourceTree = "<group>"; xcLanguageSpecificationIdentifier = xcode.lang.swift; };
		0FAB5FAC28633015001BFE9D /* Any, Any object.playground */ = {isa = PBXFileReference; lastKnownFileType = file.playground; path = "Any, Any object.playground"; sourceTree = "<group>"; xcLanguageSpecificationIdentifier = xcode.lang.swift; };
		0FAB5FAE2864A07F001BFE9D /* Optional chaining.playground */ = {isa = PBXFileReference; lastKnownFileType = file.playground; path = "Optional chaining.playground"; sourceTree = "<group>"; xcLanguageSpecificationIdentifier = xcode.lang.swift; };
		0FAB5FAF2864A4AB001BFE9D /* Error handling.playground */ = {isa = PBXFileReference; lastKnownFileType = file.playground; path = "Error handling.playground"; sourceTree = "<group>"; xcLanguageSpecificationIdentifier = xcode.lang.swift; };
		0FAB5FB02864C1F2001BFE9D /* Subscript.playground */ = {isa = PBXFileReference; lastKnownFileType = file.playground; path = Subscript.playground; sourceTree = "<group>"; xcLanguageSpecificationIdentifier = xcode.lang.swift; };
		0FAB5FB22864C254001BFE9D /* Extensions.playground */ = {isa = PBXFileReference; lastKnownFileType = file.playground; path = Extensions.playground; sourceTree = "<group>"; xcLanguageSpecificationIdentifier = xcode.lang.swift; };
		0FAB5FB32864C3D7001BFE9D /* Protocols.playground */ = {isa = PBXFileReference; lastKnownFileType = file.playground; path = Protocols.playground; sourceTree = "<group>"; xcLanguageSpecificationIdentifier = xcode.lang.swift; };
		0FAB5FB428662E49001BFE9D /* Универсальные шаблоны.playground */ = {isa = PBXFileReference; lastKnownFileType = file.playground; path = "Универсальные шаблоны.playground"; sourceTree = "<group>"; xcLanguageSpecificationIdentifier = xcode.lang.swift; };
		0FAB5FB528663FB6001BFE9D /* Updates.playground */ = {isa = PBXFileReference; lastKnownFileType = file.playground; path = Updates.playground; sourceTree = "<group>"; xcLanguageSpecificationIdentifier = xcode.lang.swift; };
		0FCBB5E228468B0F00D46C7D /* SwiftPlaygrounds.app */ = {isa = PBXFileReference; explicitFileType = wrapper.application; includeInIndex = 0; path = SwiftPlaygrounds.app; sourceTree = BUILT_PRODUCTS_DIR; };
		0FCBB5E828468B0F00D46C7D /* SwiftPlaygrounds.app */ = {isa = PBXFileReference; explicitFileType = wrapper.application; includeInIndex = 0; path = SwiftPlaygrounds.app; sourceTree = BUILT_PRODUCTS_DIR; };
		0FD9BA56284A8AF40097A1A9 /* Интерполяция строки.playground */ = {isa = PBXFileReference; lastKnownFileType = file.playground; path = "Интерполяция строки.playground"; sourceTree = "<group>"; xcLanguageSpecificationIdentifier = xcode.lang.swift; };
		0FE28FFE285A3FBD00B90596 /* Functions.playground */ = {isa = PBXFileReference; lastKnownFileType = file.playground; path = Functions.playground; sourceTree = "<group>"; xcLanguageSpecificationIdentifier = xcode.lang.swift; };
		0FE28FFF285B903300B90596 /* клоужеры и замыкание.playground */ = {isa = PBXFileReference; lastKnownFileType = file.playground; path = "клоужеры и замыкание.playground"; sourceTree = "<group>"; xcLanguageSpecificationIdentifier = xcode.lang.swift; };
		0FE29000285B942400B90596 /* Tuple.playground */ = {isa = PBXFileReference; lastKnownFileType = file.playground; path = Tuple.playground; sourceTree = "<group>"; xcLanguageSpecificationIdentifier = xcode.lang.swift; };
		0FE29001285E0BD600B90596 /* Опционалы.playground */ = {isa = PBXFileReference; lastKnownFileType = file.playground; path = "Опционалы.playground"; sourceTree = "<group>"; xcLanguageSpecificationIdentifier = xcode.lang.swift; };
		0FE29002285E0E6200B90596 /* Классы.playground */ = {isa = PBXFileReference; lastKnownFileType = file.playground; path = "Классы.playground"; sourceTree = "<group>"; xcLanguageSpecificationIdentifier = xcode.lang.swift; };
		0FE29003285F6AFD00B90596 /* инициализаторы.playground */ = {isa = PBXFileReference; lastKnownFileType = file.playground; path = "инициализаторы.playground"; sourceTree = "<group>"; xcLanguageSpecificationIdentifier = xcode.lang.swift; };
		0FF29E76284692C60050C58E /* Switch.playground */ = {isa = PBXFileReference; lastKnownFileType = file.playground; path = Switch.playground; sourceTree = "<group>"; xcLanguageSpecificationIdentifier = xcode.lang.swift; };
		0FF29E772846943B0050C58E /* func1.playground */ = {isa = PBXFileReference; lastKnownFileType = file.playground; path = func1.playground; sourceTree = "<group>"; xcLanguageSpecificationIdentifier = xcode.lang.swift; };
		0FF29E782847CDCF0050C58E /* Циклы.playground */ = {isa = PBXFileReference; lastKnownFileType = file.playground; path = "Циклы.playground"; sourceTree = "<group>"; xcLanguageSpecificationIdentifier = xcode.lang.swift; };
		0FF29E7A2847D1C60050C58E /* Array.playground */ = {isa = PBXFileReference; lastKnownFileType = file.playground; path = Array.playground; sourceTree = "<group>"; xcLanguageSpecificationIdentifier = xcode.lang.swift; };
		0FF29E7B2847D3A80050C58E /* Dictionary.playground */ = {isa = PBXFileReference; lastKnownFileType = file.playground; path = Dictionary.playground; sourceTree = "<group>"; xcLanguageSpecificationIdentifier = xcode.lang.swift; };
		0FF29E7C2847D5490050C58E /* Set.playground */ = {isa = PBXFileReference; lastKnownFileType = file.playground; path = Set.playground; sourceTree = "<group>"; xcLanguageSpecificationIdentifier = xcode.lang.swift; };
/* End PBXFileReference section */

/* Begin PBXFrameworksBuildPhase section */
		0FCBB5DF28468B0F00D46C7D /* Frameworks */ = {
			isa = PBXFrameworksBuildPhase;
			buildActionMask = 2147483647;
			files = (
			);
			runOnlyForDeploymentPostprocessing = 0;
		};
		0FCBB5E528468B0F00D46C7D /* Frameworks */ = {
			isa = PBXFrameworksBuildPhase;
			buildActionMask = 2147483647;
			files = (
			);
			runOnlyForDeploymentPostprocessing = 0;
		};
/* End PBXFrameworksBuildPhase section */

/* Begin PBXGroup section */
		0FCBB5D528468B0800D46C7D = {
			isa = PBXGroup;
			children = (
				0FCBB5F928468B5A00D46C7D /* SwiftBeg */,
				0FCBB5E328468B0F00D46C7D /* Products */,
			);
			sourceTree = "<group>";
		};
		0FCBB5E328468B0F00D46C7D /* Products */ = {
			isa = PBXGroup;
			children = (
				0FCBB5E228468B0F00D46C7D /* SwiftPlaygrounds.app */,
				0FCBB5E828468B0F00D46C7D /* SwiftPlaygrounds.app */,
			);
			name = Products;
			sourceTree = "<group>";
		};
		0FCBB5F928468B5A00D46C7D /* SwiftBeg */ = {
			isa = PBXGroup;
			children = (
				0FF29E76284692C60050C58E /* Switch.playground */,
				0FF29E772846943B0050C58E /* func1.playground */,
				0FF29E782847CDCF0050C58E /* Циклы.playground */,
				0FF29E7A2847D1C60050C58E /* Array.playground */,
				0FF29E7B2847D3A80050C58E /* Dictionary.playground */,
				0FF29E7C2847D5490050C58E /* Set.playground */,
				0FD9BA56284A8AF40097A1A9 /* Интерполяция строки.playground */,
				0F9A179B284CFCF100B7CEDC /* Базовые Операторы.playground */,
				0F9A179C284E0D5D00B7CEDC /* Условия.playground */,
				0F9A179E284E14CA00B7CEDC /* Guard.playground */,
				0F9A179F284F635200B7CEDC /* for in.playground */,
				0F9A17A0284F6B7900B7CEDC /* while,repeat while.playground */,
				0FE28FFE285A3FBD00B90596 /* Functions.playground */,
				0FE28FFF285B903300B90596 /* клоужеры и замыкание.playground */,
				0FE29000285B942400B90596 /* Tuple.playground */,
				0FE29001285E0BD600B90596 /* Опционалы.playground */,
				0FE29002285E0E6200B90596 /* Классы.playground */,
				0FE29003285F6AFD00B90596 /* инициализаторы.playground */,
				0FAB5F9F2860CB8B001BFE9D /* Наследование.playground */,
				0FAB5FA02862089D001BFE9D /* Вычисляемые свойства .playground */,
				0FAB5FA12862125C001BFE9D /* Свойства классов.playground */,
				0FAB5FA22863047C001BFE9D /* Lazy properties.playground */,
				0FAB5FA3286305F1001BFE9D /* Property observers.playground */,
				0FAB5FA628630D12001BFE9D /* type aliases.playground */,
				0FAB5FA828630D58001BFE9D /* enums.playground */,
				0FAB5FA928631044001BFE9D /* Structures.playground */,
				0FAB5FAB286317CF001BFE9D /* Type casting:Type checking.playground */,
				0FAB5FAC28633015001BFE9D /* Any, Any object.playground */,
				0FAB5FAE2864A07F001BFE9D /* Optional chaining.playground */,
				0FAB5FAF2864A4AB001BFE9D /* Error handling.playground */,
				0FAB5FB02864C1F2001BFE9D /* Subscript.playground */,
				0FAB5FB22864C254001BFE9D /* Extensions.playground */,
				0FAB5FB32864C3D7001BFE9D /* Protocols.playground */,
				0FAB5FB428662E49001BFE9D /* Универсальные шаблоны.playground */,
				0FAB5FB528663FB6001BFE9D /* Updates.playground */,
			);
			path = SwiftBeg;
			sourceTree = "<group>";
		};
/* End PBXGroup section */

/* Begin PBXNativeTarget section */
		0FCBB5E128468B0F00D46C7D /* SwiftPlaygrounds (iOS) */ = {
			isa = PBXNativeTarget;
			buildConfigurationList = 0FCBB5F328468B0F00D46C7D /* Build configuration list for PBXNativeTarget "SwiftPlaygrounds (iOS)" */;
			buildPhases = (
				0FCBB5DE28468B0F00D46C7D /* Sources */,
				0FCBB5DF28468B0F00D46C7D /* Frameworks */,
				0FCBB5E028468B0F00D46C7D /* Resources */,
			);
			buildRules = (
			);
			dependencies = (
			);
			name = "SwiftPlaygrounds (iOS)";
			productName = "SwiftPlaygrounds (iOS)";
			productReference = 0FCBB5E228468B0F00D46C7D /* SwiftPlaygrounds.app */;
			productType = "com.apple.product-type.application";
		};
		0FCBB5E728468B0F00D46C7D /* SwiftPlaygrounds (macOS) */ = {
			isa = PBXNativeTarget;
			buildConfigurationList = 0FCBB5F628468B0F00D46C7D /* Build configuration list for PBXNativeTarget "SwiftPlaygrounds (macOS)" */;
			buildPhases = (
				0FCBB5E428468B0F00D46C7D /* Sources */,
				0FCBB5E528468B0F00D46C7D /* Frameworks */,
				0FCBB5E628468B0F00D46C7D /* Resources */,
			);
			buildRules = (
			);
			dependencies = (
			);
			name = "SwiftPlaygrounds (macOS)";
			productName = "SwiftPlaygrounds (macOS)";
			productReference = 0FCBB5E828468B0F00D46C7D /* SwiftPlaygrounds.app */;
			productType = "com.apple.product-type.application";
		};
/* End PBXNativeTarget section */

/* Begin PBXProject section */
		0FCBB5D628468B0800D46C7D /* Project object */ = {
			isa = PBXProject;
			attributes = {
				BuildIndependentTargetsInParallel = 1;
				LastSwiftUpdateCheck = 1340;
				LastUpgradeCheck = 1340;
				TargetAttributes = {
					0FCBB5E128468B0F00D46C7D = {
						CreatedOnToolsVersion = 13.4;
					};
					0FCBB5E728468B0F00D46C7D = {
						CreatedOnToolsVersion = 13.4;
					};
				};
			};
			buildConfigurationList = 0FCBB5D928468B0800D46C7D /* Build configuration list for PBXProject "SwiftPlaygrounds" */;
			compatibilityVersion = "Xcode 13.0";
			developmentRegion = en;
			hasScannedForEncodings = 0;
			knownRegions = (
				en,
				Base,
			);
			mainGroup = 0FCBB5D528468B0800D46C7D;
			productRefGroup = 0FCBB5E328468B0F00D46C7D /* Products */;
			projectDirPath = "";
			projectRoot = "";
			targets = (
				0FCBB5E128468B0F00D46C7D /* SwiftPlaygrounds (iOS) */,
				0FCBB5E728468B0F00D46C7D /* SwiftPlaygrounds (macOS) */,
			);
		};
/* End PBXProject section */

/* Begin PBXResourcesBuildPhase section */
		0FCBB5E028468B0F00D46C7D /* Resources */ = {
			isa = PBXResourcesBuildPhase;
			buildActionMask = 2147483647;
			files = (
			);
			runOnlyForDeploymentPostprocessing = 0;
		};
		0FCBB5E628468B0F00D46C7D /* Resources */ = {
			isa = PBXResourcesBuildPhase;
			buildActionMask = 2147483647;
			files = (
			);
			runOnlyForDeploymentPostprocessing = 0;
		};
/* End PBXResourcesBuildPhase section */

/* Begin PBXSourcesBuildPhase section */
		0FCBB5DE28468B0F00D46C7D /* Sources */ = {
			isa = PBXSourcesBuildPhase;
			buildActionMask = 2147483647;
			files = (
			);
			runOnlyForDeploymentPostprocessing = 0;
		};
		0FCBB5E428468B0F00D46C7D /* Sources */ = {
			isa = PBXSourcesBuildPhase;
			buildActionMask = 2147483647;
			files = (
			);
			runOnlyForDeploymentPostprocessing = 0;
		};
/* End PBXSourcesBuildPhase section */

/* Begin XCBuildConfiguration section */
		0FCBB5F128468B0F00D46C7D /* Debug */ = {
			isa = XCBuildConfiguration;
			buildSettings = {
				ALWAYS_SEARCH_USER_PATHS = NO;
				CLANG_ANALYZER_NONNULL = YES;
				CLANG_ANALYZER_NUMBER_OBJECT_CONVERSION = YES_AGGRESSIVE;
				CLANG_CXX_LANGUAGE_STANDARD = "gnu++17";
				CLANG_ENABLE_MODULES = YES;
				CLANG_ENABLE_OBJC_ARC = YES;
				CLANG_ENABLE_OBJC_WEAK = YES;
				CLANG_WARN_BLOCK_CAPTURE_AUTORELEASING = YES;
				CLANG_WARN_BOOL_CONVERSION = YES;
				CLANG_WARN_COMMA = YES;
				CLANG_WARN_CONSTANT_CONVERSION = YES;
				CLANG_WARN_DEPRECATED_OBJC_IMPLEMENTATIONS = YES;
				CLANG_WARN_DIRECT_OBJC_ISA_USAGE = YES_ERROR;
				CLANG_WARN_DOCUMENTATION_COMMENTS = YES;
				CLANG_WARN_EMPTY_BODY = YES;
				CLANG_WARN_ENUM_CONVERSION = YES;
				CLANG_WARN_INFINITE_RECURSION = YES;
				CLANG_WARN_INT_CONVERSION = YES;
				CLANG_WARN_NON_LITERAL_NULL_CONVERSION = YES;
				CLANG_WARN_OBJC_IMPLICIT_RETAIN_SELF = YES;
				CLANG_WARN_OBJC_LITERAL_CONVERSION = YES;
				CLANG_WARN_OBJC_ROOT_CLASS = YES_ERROR;
				CLANG_WARN_QUOTED_INCLUDE_IN_FRAMEWORK_HEADER = YES;
				CLANG_WARN_RANGE_LOOP_ANALYSIS = YES;
				CLANG_WARN_STRICT_PROTOTYPES = YES;
				CLANG_WARN_SUSPICIOUS_MOVE = YES;
				CLANG_WARN_UNGUARDED_AVAILABILITY = YES_AGGRESSIVE;
				CLANG_WARN_UNREACHABLE_CODE = YES;
				CLANG_WARN__DUPLICATE_METHOD_MATCH = YES;
				COPY_PHASE_STRIP = NO;
				DEBUG_INFORMATION_FORMAT = dwarf;
				ENABLE_STRICT_OBJC_MSGSEND = YES;
				ENABLE_TESTABILITY = YES;
				GCC_C_LANGUAGE_STANDARD = gnu11;
				GCC_DYNAMIC_NO_PIC = NO;
				GCC_NO_COMMON_BLOCKS = YES;
				GCC_OPTIMIZATION_LEVEL = 0;
				GCC_PREPROCESSOR_DEFINITIONS = (
					"DEBUG=1",
					"$(inherited)",
				);
				GCC_WARN_64_TO_32_BIT_CONVERSION = YES;
				GCC_WARN_ABOUT_RETURN_TYPE = YES_ERROR;
				GCC_WARN_UNDECLARED_SELECTOR = YES;
				GCC_WARN_UNINITIALIZED_AUTOS = YES_AGGRESSIVE;
				GCC_WARN_UNUSED_FUNCTION = YES;
				GCC_WARN_UNUSED_VARIABLE = YES;
				MTL_ENABLE_DEBUG_INFO = INCLUDE_SOURCE;
				MTL_FAST_MATH = YES;
				ONLY_ACTIVE_ARCH = YES;
				SWIFT_ACTIVE_COMPILATION_CONDITIONS = DEBUG;
				SWIFT_OPTIMIZATION_LEVEL = "-Onone";
			};
			name = Debug;
		};
		0FCBB5F228468B0F00D46C7D /* Release */ = {
			isa = XCBuildConfiguration;
			buildSettings = {
				ALWAYS_SEARCH_USER_PATHS = NO;
				CLANG_ANALYZER_NONNULL = YES;
				CLANG_ANALYZER_NUMBER_OBJECT_CONVERSION = YES_AGGRESSIVE;
				CLANG_CXX_LANGUAGE_STANDARD = "gnu++17";
				CLANG_ENABLE_MODULES = YES;
				CLANG_ENABLE_OBJC_ARC = YES;
				CLANG_ENABLE_OBJC_WEAK = YES;
				CLANG_WARN_BLOCK_CAPTURE_AUTORELEASING = YES;
				CLANG_WARN_BOOL_CONVERSION = YES;
				CLANG_WARN_COMMA = YES;
				CLANG_WARN_CONSTANT_CONVERSION = YES;
				CLANG_WARN_DEPRECATED_OBJC_IMPLEMENTATIONS = YES;
				CLANG_WARN_DIRECT_OBJC_ISA_USAGE = YES_ERROR;
				CLANG_WARN_DOCUMENTATION_COMMENTS = YES;
				CLANG_WARN_EMPTY_BODY = YES;
				CLANG_WARN_ENUM_CONVERSION = YES;
				CLANG_WARN_INFINITE_RECURSION = YES;
				CLANG_WARN_INT_CONVERSION = YES;
				CLANG_WARN_NON_LITERAL_NULL_CONVERSION = YES;
				CLANG_WARN_OBJC_IMPLICIT_RETAIN_SELF = YES;
				CLANG_WARN_OBJC_LITERAL_CONVERSION = YES;
				CLANG_WARN_OBJC_ROOT_CLASS = YES_ERROR;
				CLANG_WARN_QUOTED_INCLUDE_IN_FRAMEWORK_HEADER = YES;
				CLANG_WARN_RANGE_LOOP_ANALYSIS = YES;
				CLANG_WARN_STRICT_PROTOTYPES = YES;
				CLANG_WARN_SUSPICIOUS_MOVE = YES;
				CLANG_WARN_UNGUARDED_AVAILABILITY = YES_AGGRESSIVE;
				CLANG_WARN_UNREACHABLE_CODE = YES;
				CLANG_WARN__DUPLICATE_METHOD_MATCH = YES;
				COPY_PHASE_STRIP = NO;
				DEBUG_INFORMATION_FORMAT = "dwarf-with-dsym";
				ENABLE_NS_ASSERTIONS = NO;
				ENABLE_STRICT_OBJC_MSGSEND = YES;
				GCC_C_LANGUAGE_STANDARD = gnu11;
				GCC_NO_COMMON_BLOCKS = YES;
				GCC_WARN_64_TO_32_BIT_CONVERSION = YES;
				GCC_WARN_ABOUT_RETURN_TYPE = YES_ERROR;
				GCC_WARN_UNDECLARED_SELECTOR = YES;
				GCC_WARN_UNINITIALIZED_AUTOS = YES_AGGRESSIVE;
				GCC_WARN_UNUSED_FUNCTION = YES;
				GCC_WARN_UNUSED_VARIABLE = YES;
				MTL_ENABLE_DEBUG_INFO = NO;
				MTL_FAST_MATH = YES;
				SWIFT_COMPILATION_MODE = wholemodule;
				SWIFT_OPTIMIZATION_LEVEL = "-O";
			};
			name = Release;
		};
		0FCBB5F428468B0F00D46C7D /* Debug */ = {
			isa = XCBuildConfiguration;
			buildSettings = {
				ASSETCATALOG_COMPILER_APPICON_NAME = AppIcon;
				ASSETCATALOG_COMPILER_GLOBAL_ACCENT_COLOR_NAME = AccentColor;
				CODE_SIGN_STYLE = Automatic;
				CURRENT_PROJECT_VERSION = 1;
				DEVELOPMENT_TEAM = M7L22G8HCB;
				ENABLE_PREVIEWS = YES;
				GENERATE_INFOPLIST_FILE = YES;
				INFOPLIST_KEY_UIApplicationSceneManifest_Generation = YES;
				INFOPLIST_KEY_UIApplicationSupportsIndirectInputEvents = YES;
				INFOPLIST_KEY_UILaunchScreen_Generation = YES;
				INFOPLIST_KEY_UISupportedInterfaceOrientations_iPad = "UIInterfaceOrientationPortrait UIInterfaceOrientationPortraitUpsideDown UIInterfaceOrientationLandscapeLeft UIInterfaceOrientationLandscapeRight";
				INFOPLIST_KEY_UISupportedInterfaceOrientations_iPhone = "UIInterfaceOrientationPortrait UIInterfaceOrientationLandscapeLeft UIInterfaceOrientationLandscapeRight";
				IPHONEOS_DEPLOYMENT_TARGET = 15.5;
				LD_RUNPATH_SEARCH_PATHS = (
					"$(inherited)",
					"@executable_path/Frameworks",
				);
				MARKETING_VERSION = 1.0;
				PRODUCT_BUNDLE_IDENTIFIER = Ibra.SwiftPlaygrounds;
				PRODUCT_NAME = SwiftPlaygrounds;
				SDKROOT = iphoneos;
				SWIFT_EMIT_LOC_STRINGS = YES;
				SWIFT_VERSION = 5.0;
				TARGETED_DEVICE_FAMILY = "1,2";
			};
			name = Debug;
		};
		0FCBB5F528468B0F00D46C7D /* Release */ = {
			isa = XCBuildConfiguration;
			buildSettings = {
				ASSETCATALOG_COMPILER_APPICON_NAME = AppIcon;
				ASSETCATALOG_COMPILER_GLOBAL_ACCENT_COLOR_NAME = AccentColor;
				CODE_SIGN_STYLE = Automatic;
				CURRENT_PROJECT_VERSION = 1;
				DEVELOPMENT_TEAM = M7L22G8HCB;
				ENABLE_PREVIEWS = YES;
				GENERATE_INFOPLIST_FILE = YES;
				INFOPLIST_KEY_UIApplicationSceneManifest_Generation = YES;
				INFOPLIST_KEY_UIApplicationSupportsIndirectInputEvents = YES;
				INFOPLIST_KEY_UILaunchScreen_Generation = YES;
				INFOPLIST_KEY_UISupportedInterfaceOrientations_iPad = "UIInterfaceOrientationPortrait UIInterfaceOrientationPortraitUpsideDown UIInterfaceOrientationLandscapeLeft UIInterfaceOrientationLandscapeRight";
				INFOPLIST_KEY_UISupportedInterfaceOrientations_iPhone = "UIInterfaceOrientationPortrait UIInterfaceOrientationLandscapeLeft UIInterfaceOrientationLandscapeRight";
				IPHONEOS_DEPLOYMENT_TARGET = 15.5;
				LD_RUNPATH_SEARCH_PATHS = (
					"$(inherited)",
					"@executable_path/Frameworks",
				);
				MARKETING_VERSION = 1.0;
				PRODUCT_BUNDLE_IDENTIFIER = Ibra.SwiftPlaygrounds;
				PRODUCT_NAME = SwiftPlaygrounds;
				SDKROOT = iphoneos;
				SWIFT_EMIT_LOC_STRINGS = YES;
				SWIFT_VERSION = 5.0;
				TARGETED_DEVICE_FAMILY = "1,2";
				VALIDATE_PRODUCT = YES;
			};
			name = Release;
		};
		0FCBB5F728468B0F00D46C7D /* Debug */ = {
			isa = XCBuildConfiguration;
			buildSettings = {
				ASSETCATALOG_COMPILER_APPICON_NAME = AppIcon;
				ASSETCATALOG_COMPILER_GLOBAL_ACCENT_COLOR_NAME = AccentColor;
				CODE_SIGN_ENTITLEMENTS = macOS/macOS.entitlements;
				CODE_SIGN_STYLE = Automatic;
				COMBINE_HIDPI_IMAGES = YES;
				CURRENT_PROJECT_VERSION = 1;
				DEVELOPMENT_TEAM = M7L22G8HCB;
				ENABLE_HARDENED_RUNTIME = YES;
				ENABLE_PREVIEWS = YES;
				GENERATE_INFOPLIST_FILE = YES;
				INFOPLIST_KEY_NSHumanReadableCopyright = "";
				LD_RUNPATH_SEARCH_PATHS = (
					"$(inherited)",
					"@executable_path/../Frameworks",
				);
				MACOSX_DEPLOYMENT_TARGET = 12.3;
				MARKETING_VERSION = 1.0;
				PRODUCT_BUNDLE_IDENTIFIER = Ibra.SwiftPlaygrounds;
				PRODUCT_NAME = SwiftPlaygrounds;
				SDKROOT = macosx;
				SWIFT_EMIT_LOC_STRINGS = YES;
				SWIFT_VERSION = 5.0;
			};
			name = Debug;
		};
		0FCBB5F828468B0F00D46C7D /* Release */ = {
			isa = XCBuildConfiguration;
			buildSettings = {
				ASSETCATALOG_COMPILER_APPICON_NAME = AppIcon;
				ASSETCATALOG_COMPILER_GLOBAL_ACCENT_COLOR_NAME = AccentColor;
				CODE_SIGN_ENTITLEMENTS = macOS/macOS.entitlements;
				CODE_SIGN_STYLE = Automatic;
				COMBINE_HIDPI_IMAGES = YES;
				CURRENT_PROJECT_VERSION = 1;
				DEVELOPMENT_TEAM = M7L22G8HCB;
				ENABLE_HARDENED_RUNTIME = YES;
				ENABLE_PREVIEWS = YES;
				GENERATE_INFOPLIST_FILE = YES;
				INFOPLIST_KEY_NSHumanReadableCopyright = "";
				LD_RUNPATH_SEARCH_PATHS = (
					"$(inherited)",
					"@executable_path/../Frameworks",
				);
				MACOSX_DEPLOYMENT_TARGET = 12.3;
				MARKETING_VERSION = 1.0;
				PRODUCT_BUNDLE_IDENTIFIER = Ibra.SwiftPlaygrounds;
				PRODUCT_NAME = SwiftPlaygrounds;
				SDKROOT = macosx;
				SWIFT_EMIT_LOC_STRINGS = YES;
				SWIFT_VERSION = 5.0;
			};
			name = Release;
		};
/* End XCBuildConfiguration section */

/* Begin XCConfigurationList section */
		0FCBB5D928468B0800D46C7D /* Build configuration list for PBXProject "SwiftPlaygrounds" */ = {
			isa = XCConfigurationList;
			buildConfigurations = (
				0FCBB5F128468B0F00D46C7D /* Debug */,
				0FCBB5F228468B0F00D46C7D /* Release */,
			);
			defaultConfigurationIsVisible = 0;
			defaultConfigurationName = Release;
		};
		0FCBB5F328468B0F00D46C7D /* Build configuration list for PBXNativeTarget "SwiftPlaygrounds (iOS)" */ = {
			isa = XCConfigurationList;
			buildConfigurations = (
				0FCBB5F428468B0F00D46C7D /* Debug */,
				0FCBB5F528468B0F00D46C7D /* Release */,
			);
			defaultConfigurationIsVisible = 0;
			defaultConfigurationName = Release;
		};
		0FCBB5F628468B0F00D46C7D /* Build configuration list for PBXNativeTarget "SwiftPlaygrounds (macOS)" */ = {
			isa = XCConfigurationList;
			buildConfigurations = (
				0FCBB5F728468B0F00D46C7D /* Debug */,
				0FCBB5F828468B0F00D46C7D /* Release */,
			);
			defaultConfigurationIsVisible = 0;
			defaultConfigurationName = Release;
		};
/* End XCConfigurationList section */
	};
	rootObject = 0FCBB5D628468B0800D46C7D /* Project object */;
}
